
Microsoft Visual Studio Solution File, Format Version 12.00
# Visual Studio Version 17
VisualStudioVersion = 17.14.36623.8 d17.14
MinimumVisualStudioVersion = 10.0.40219.1
Project("{FAE04EC0-301F-11D3-BF4B-00C04F79EFBC}") = "QLDA_Nhom5", "QLDA_Nhom5\QLDA_Nhom5.csproj", "{45059B3A-1E38-42E4-93D6-356BD46E6713}"
EndProject
Global
	GlobalSection(SolutionConfigurationPlatforms) = preSolution
		Debug|Any CPU = Debug|Any CPU
		Release|Any CPU = Release|Any CPU
	EndGlobalSection
	GlobalSection(ProjectConfigurationPlatforms) = postSolution
		{45059B3A-1E38-42E4-93D6-356BD46E6713}.Debug|Any CPU.ActiveCfg = Debug|Any CPU
		{45059B3A-1E38-42E4-93D6-356BD46E6713}.Debug|Any CPU.Build.0 = Debug|Any CPU
		{45059B3A-1E38-42E4-93D6-356BD46E6713}.Release|Any CPU.ActiveCfg = Release|Any CPU
		{45059B3A-1E38-42E4-93D6-356BD46E6713}.Release|Any CPU.Build.0 = Release|Any CPU
	EndGlobalSection
	GlobalSection(SolutionProperties) = preSolution
		HideSolutionNode = FALSE
	EndGlobalSection
	GlobalSection(ExtensibilityGlobals) = postSolution
		SolutionGuid = {CED5510F-3709-48E1-873E-BFCC186D511B}
	EndGlobalSection
EndGlobal
